Microsoft Visual Studio Solution File, Format Version 12.00
# Visual Studio Version 17
VisualStudioVersion = 17.5.2.0
MinimumVisualStudioVersion = 10.0.40219.1
Project("{FAE04EC0-301F-11D3-BF4B-00C04F79EFBC}") = "ELearning", "ELearning.csproj", "{AA2EA978-F95B-185B-D475-AC4ECF2FAEF7}"
EndProject
Global
	GlobalSection(SolutionConfigurationPlatforms) = preSolution
		Debug|Any CPU = Debug|Any CPU
		Release|Any CPU = Release|Any CPU
	EndGlobalSection
	GlobalSection(ProjectConfigurationPlatforms) = postSolution
		{AA2EA978-F95B-185B-D475-AC4ECF2FAEF7}.Debug|Any CPU.ActiveCfg = Debug|Any CPU
		{AA2EA978-F95B-185B-D475-AC4ECF2FAEF7}.Debug|Any CPU.Build.0 = Debug|Any CPU
		{AA2EA978-F95B-185B-D475-AC4ECF2FAEF7}.Release|Any CPU.ActiveCfg = Release|Any CPU
		{AA2EA978-F95B-185B-D475-AC4ECF2FAEF7}.Release|Any CPU.Build.0 = Release|Any CPU
	EndGlobalSection
	GlobalSection(SolutionProperties) = preSolution
		HideSolutionNode = FALSE
	EndGlobalSection
	GlobalSection(ExtensibilityGlobals) = postSolution
		SolutionGuid = {51F5C3C5-BF30-4A5F-9E9F-ED6FF90E24C7}
	EndGlobalSection
EndGlobal
